[[package]]
name = "appdirs"
version = "1.4.4"
description = "A small Python module for determining appropriate platform-specific dirs, e.g. a \"user data dir\"."
category = "dev"
optional = false
python-versions = "*"

[[package]]
name = "asgiref"
version = "3.4.1"
description = "ASGI specs, helper code, and adapters"
category = "main"
optional = false
python-versions = ">=3.6"

[package.extras]
tests = ["pytest", "pytest-asyncio", "mypy (>=0.800)"]

[[package]]
name = "autopep8"
version = "1.5.7"
description = "A tool that automatically formats Python code to conform to the PEP 8 style guide"
category = "dev"
optional = false
python-versions = "*"

[package.dependencies]
pycodestyle = ">=2.7.0"
toml = "*"

[[package]]
name = "babel"
version = "2.9.1"
description = "Internationalization utilities"
category = "main"
optional = false
python-versions = ">=2.7, !=3.0.*, !=3.1.*, !=3.2.*, !=3.3.*"

[package.dependencies]
pytz = ">=2015.7"

[[package]]
name = "black"
version = "20.8b1"
description = "The uncompromising code formatter."
category = "dev"
optional = false
python-versions = ">=3.6"

[package.dependencies]
appdirs = "*"
click = ">=7.1.2"
mypy-extensions = ">=0.4.3"
pathspec = ">=0.6,<1"
regex = ">=2020.1.8"
toml = ">=0.10.1"
typed-ast = ">=1.4.0"
typing-extensions = ">=3.7.4"

[package.extras]
colorama = ["colorama (>=0.4.3)"]
d = ["aiohttp (>=3.3.2)", "aiohttp-cors"]

[[package]]
name = "click"
version = "8.0.1"
description = "Composable command line interface toolkit"
category = "dev"
optional = false
python-versions = ">=3.6"

[package.dependencies]
colorama = {version = "*", markers = "platform_system == \"Windows\""}

[[package]]
name = "colorama"
version = "0.4.4"
description = "Cross-platform colored terminal text."
category = "dev"
optional = false
python-versions = ">=2.7, !=3.0.*, !=3.1.*, !=3.2.*, !=3.3.*, !=3.4.*"

[[package]]
name = "django"
version = "3.2.5"
description = "A high-level Python Web framework that encourages rapid development and clean, pragmatic design."
category = "main"
optional = false
python-versions = ">=3.6"

[package.dependencies]
asgiref = ">=3.3.2,<4"
pytz = "*"
sqlparse = ">=0.2.2"

[package.extras]
argon2 = ["argon2-cffi (>=19.1.0)"]
bcrypt = ["bcrypt"]

[[package]]
name = "django-cors-headers"
version = "3.7.0"
description = "django-cors-headers is a Django application for handling the server headers required for Cross-Origin Resource Sharing (CORS)."
category = "main"
optional = false
python-versions = ">=3.6"

[package.dependencies]
Django = ">=2.2"

[[package]]
name = "django-countries"
version = "7.2.1"
description = "Provides a country field for Django models."
category = "main"
optional = false
python-versions = "*"

[package.extras]
dev = ["tox", "black", "django", "pytest", "pytest-django", "djangorestframework", "graphene-django"]
maintainer = ["transifex-client", "zest.releaser", "django"]
pyuca = ["pyuca"]
test = ["pytest", "pytest-django", "pytest-cov", "graphene-django"]

[[package]]
name = "django-extensions"
version = "3.1.3"
description = "Extensions for Django"
category = "main"
optional = false
python-versions = ">=3.6"

[package.dependencies]
Django = ">=2.2"

[[package]]
name = "django-filter"
version = "2.4.0"
description = "Django-filter is a reusable Django application for allowing users to filter querysets dynamically."
category = "main"
optional = false
python-versions = ">=3.5"

[package.dependencies]
Django = ">=2.2"

[[package]]
name = "django-money"
version = "2.0.1"
description = "Adds support for using money and currency fields in django models and forms. Uses py-moneyed as the money implementation."
category = "main"
optional = false
python-versions = ">=3.5"

[package.dependencies]
Django = ">=1.11"
py-moneyed = ">=1.2,<2.0"

[package.extras]
exchange = ["certifi"]
test = ["pytest (>=3.1.0)", "pytest-django", "pytest-pythonpath", "pytest-cov", "mixer"]

[[package]]
name = "django-username-email"
version = "2.4.2"
description = "Custom Django User model that makes email the USERNAME_FIELD."
category = "main"
optional = false
python-versions = "*"

[package.dependencies]
django = "*"

[[package]]
name = "djangorestframework"
version = "3.12.4"
description = "Web APIs for Django, made easy."
category = "main"
optional = false
python-versions = ">=3.5"

[package.dependencies]
django = ">=2.2"

[[package]]
name = "drf-app-generators"
version = "0.1.5"
description = "Generate DRF Serializers, Views, Apis, Unit tests for your application."
category = "main"
optional = false
python-versions = ">=3.7.*"

[package.dependencies]
Django = ">=3.0.3"
djangorestframework = ">=3.11.0"
PyYAML = ">=5.3.1"

[[package]]
name = "markdown"
version = "3.3.4"
description = "Python implementation of Markdown."
category = "main"
optional = false
python-versions = ">=3.6"

[package.extras]
testing = ["coverage", "pyyaml"]

[[package]]
name = "mypy-extensions"
version = "0.4.3"
description = "Experimental type system extensions for programs checked with the mypy typechecker."
category = "dev"
optional = false
python-versions = "*"

[[package]]
name = "pathspec"
version = "0.9.0"
description = "Utility library for gitignore style pattern matching of file paths."
category = "dev"
optional = false
python-versions = "!=3.0.*,!=3.1.*,!=3.2.*,!=3.3.*,!=3.4.*,>=2.7"

[[package]]
name = "psycopg2-binary"
version = "2.9.1"
description = "psycopg2 - Python-PostgreSQL Database Adapter"
category = "main"
optional = false
python-versions = ">=3.6"

[[package]]
name = "py-moneyed"
version = "1.2"
description = "Provides Currency and Money classes for use in your Python code."
category = "main"
optional = false
python-versions = "*"

[package.dependencies]
babel = ">=2.8.0"

[package.extras]
tests = ["pytest (>=2.3.0)", "tox (>=1.6.0)"]

[[package]]
name = "pycodestyle"
version = "2.7.0"
description = "Python style guide checker"
category = "dev"
optional = false
python-versions = ">=2.7, !=3.0.*, !=3.1.*, !=3.2.*, !=3.3.*"

[[package]]
name = "pytz"
version = "2021.1"
description = "World timezone definitions, modern and historical"
category = "main"
optional = false
python-versions = "*"

[[package]]
name = "pyyaml"
version = "5.4.1"
description = "YAML parser and emitter for Python"
category = "main"
optional = false
python-versions = ">=2.7, !=3.0.*, !=3.1.*, !=3.2.*, !=3.3.*, !=3.4.*, !=3.5.*"

[[package]]
name = "regex"
version = "2021.7.6"
description = "Alternative regular expression module, to replace re."
category = "dev"
optional = false
python-versions = "*"

[[package]]
name = "sqlparse"
version = "0.4.1"
description = "A non-validating SQL parser."
category = "main"
optional = false
python-versions = ">=3.5"

[[package]]
name = "toml"
version = "0.10.2"
description = "Python Library for Tom's Obvious, Minimal Language"
category = "dev"
optional = false
python-versions = ">=2.6, !=3.0.*, !=3.1.*, !=3.2.*"

[[package]]
name = "typed-ast"
version = "1.4.3"
description = "a fork of Python 2 and 3 ast modules with type comment support"
category = "dev"
optional = false
python-versions = "*"

[[package]]
name = "typing-extensions"
version = "3.10.0.0"
description = "Backported and Experimental Type Hints for Python 3.5+"
category = "dev"
optional = false
python-versions = "*"

[[package]]
name = "whitenoise"
version = "5.3.0"
description = "Radically simplified static file serving for WSGI applications"
category = "main"
optional = false
python-versions = ">=3.5, <4"

[package.extras]
brotli = ["brotli"]

[metadata]
lock-version = "1.1"
python-versions = "^3.8"
content-hash = "708768b949d3119dc72a23c75de828e640bb451ff82546f43e862d6e814fc2da"

[metadata.files]
appdirs = [
    {file = "appdirs-1.4.4-py2.py3-none-any.whl", hash = "sha256:a841dacd6b99318a741b166adb07e19ee71a274450e68237b4650ca1055ab128"},
    {file = "appdirs-1.4.4.tar.gz", hash = "sha256:7d5d0167b2b1ba821647616af46a749d1c653740dd0d2415100fe26e27afdf41"},
]
asgiref = [
    {file = "asgiref-3.4.1-py3-none-any.whl", hash = "sha256:ffc141aa908e6f175673e7b1b3b7af4fdb0ecb738fc5c8b88f69f055c2415214"},
    {file = "asgiref-3.4.1.tar.gz", hash = "sha256:4ef1ab46b484e3c706329cedeff284a5d40824200638503f5768edb6de7d58e9"},
]
autopep8 = [
    {file = "autopep8-1.5.7-py2.py3-none-any.whl", hash = "sha256:aa213493c30dcdac99537249ee65b24af0b2c29f2e83cd8b3f68760441ed0db9"},
    {file = "autopep8-1.5.7.tar.gz", hash = "sha256:276ced7e9e3cb22e5d7c14748384a5cf5d9002257c0ed50c0e075b68011bb6d0"},
]
babel = [
    {file = "Babel-2.9.1-py2.py3-none-any.whl", hash = "sha256:ab49e12b91d937cd11f0b67cb259a57ab4ad2b59ac7a3b41d6c06c0ac5b0def9"},
    {file = "Babel-2.9.1.tar.gz", hash = "sha256:bc0c176f9f6a994582230df350aa6e05ba2ebe4b3ac317eab29d9be5d2768da0"},
]
black = [
    {file = "black-20.8b1.tar.gz", hash = "sha256:1c02557aa099101b9d21496f8a914e9ed2222ef70336404eeeac8edba836fbea"},
]
click = [
    {file = "click-8.0.1-py3-none-any.whl", hash = "sha256:fba402a4a47334742d782209a7c79bc448911afe1149d07bdabdf480b3e2f4b6"},
    {file = "click-8.0.1.tar.gz", hash = "sha256:8c04c11192119b1ef78ea049e0a6f0463e4c48ef00a30160c704337586f3ad7a"},
]
colorama = [
    {file = "colorama-0.4.4-py2.py3-none-any.whl", hash = "sha256:9f47eda37229f68eee03b24b9748937c7dc3868f906e8ba69fbcbdd3bc5dc3e2"},
    {file = "colorama-0.4.4.tar.gz", hash = "sha256:5941b2b48a20143d2267e95b1c2a7603ce057ee39fd88e7329b0c292aa16869b"},
]
django = [
    {file = "Django-3.2.5-py3-none-any.whl", hash = "sha256:c58b5f19c5ae0afe6d75cbdd7df561e6eb929339985dbbda2565e1cabb19a62e"},
    {file = "Django-3.2.5.tar.gz", hash = "sha256:3da05fea54fdec2315b54a563d5b59f3b4e2b1e69c3a5841dda35019c01855cd"},
]
django-cors-headers = [
    {file = "django-cors-headers-3.7.0.tar.gz", hash = "sha256:96069c4aaacace786a34ee7894ff680780ec2644e4268b31181044410fecd12e"},
    {file = "django_cors_headers-3.7.0-py3-none-any.whl", hash = "sha256:1ac2b1213de75a251e2ba04448da15f99bcfcbe164288ae6b5ff929dc49b372f"},
]
django-countries = [
    {file = "django-countries-7.2.1.tar.gz", hash = "sha256:26878b54d36bedff30b4535ceefcb8af6784741a8b30b1b8a662fb14a936a4ab"},
    {file = "django_countries-7.2.1-py3-none-any.whl", hash = "sha256:adc965f1d348124274b7d918fc1aad5e29609758af999e1822baa9f2cc06d1b8"},
]
django-extensions = [
    {file = "django-extensions-3.1.3.tar.gz", hash = "sha256:5f0fea7bf131ca303090352577a9e7f8bfbf5489bd9d9c8aea9401db28db34a0"},
    {file = "django_extensions-3.1.3-py3-none-any.whl", hash = "sha256:50de8977794a66a91575dd40f87d5053608f679561731845edbd325ceeb387e3"},
]
django-filter = [
    {file = "django-filter-2.4.0.tar.gz", hash = "sha256:84e9d5bb93f237e451db814ed422a3a625751cbc9968b484ecc74964a8696b06"},
    {file = "django_filter-2.4.0-py3-none-any.whl", hash = "sha256:e00d32cebdb3d54273c48f4f878f898dced8d5dfaad009438fe61ebdf535ace1"},
]
django-money = [
    {file = "django-money-2.0.1.tar.gz", hash = "sha256:b6128bd6a0e60c6ab1b4fbc92dbe53a1c1d19f7587c45ce3fda355c5cccaee43"},
    {file = "django_money-2.0.1-py3-none-any.whl", hash = "sha256:be53201a170442b3fdb99c5a74f40202b8f5e35f112c7e380130ae6c21a741f3"},
]
django-username-email = [
    {file = "django-username-email-2.4.2.tar.gz", hash = "sha256:b9018d8168f754a8b7fa8b9bbea952651e086f004d9816e262209a6e80267351"},
]
djangorestframework = [
    {file = "djangorestframework-3.12.4-py3-none-any.whl", hash = "sha256:6d1d59f623a5ad0509fe0d6bfe93cbdfe17b8116ebc8eda86d45f6e16e819aaf"},
    {file = "djangorestframework-3.12.4.tar.gz", hash = "sha256:f747949a8ddac876e879190df194b925c177cdeb725a099db1460872f7c0a7f2"},
]
drf-app-generators = [
    {file = "drf-app-generators-0.1.5.tar.gz", hash = "sha256:1a5f1d2ea955506158236478d98cb6dcc796b52855d9fbf06ba56486fffd7e52"},
]
markdown = [
    {file = "Markdown-3.3.4-py3-none-any.whl", hash = "sha256:96c3ba1261de2f7547b46a00ea8463832c921d3f9d6aba3f255a6f71386db20c"},
    {file = "Markdown-3.3.4.tar.gz", hash = "sha256:31b5b491868dcc87d6c24b7e3d19a0d730d59d3e46f4eea6430a321bed387a49"},
]
mypy-extensions = [
    {file = "mypy_extensions-0.4.3-py2.py3-none-any.whl", hash = "sha256:090fedd75945a69ae91ce1303b5824f428daf5a028d2f6ab8a299250a846f15d"},
    {file = "mypy_extensions-0.4.3.tar.gz", hash = "sha256:2d82818f5bb3e369420cb3c4060a7970edba416647068eb4c5343488a6c604a8"},
]
pathspec = [
    {file = "pathspec-0.9.0-py2.py3-none-any.whl", hash = "sha256:7d15c4ddb0b5c802d161efc417ec1a2558ea2653c2e8ad9c19098201dc1c993a"},
    {file = "pathspec-0.9.0.tar.gz", hash = "sha256:e564499435a2673d586f6b2130bb5b95f04a3ba06f81b8f895b651a3c76aabb1"},
]
psycopg2-binary = [
    {file = "psycopg2-binary-2.9.1.tar.gz", hash = "sha256:b0221ca5a9837e040ebf61f48899926b5783668b7807419e4adae8175a31f773"},
    {file = "psycopg2_binary-2.9.1-cp36-cp36m-macosx_10_14_x86_64.macosx_10_9_intel.macosx_10_9_x86_64.macosx_10_10_intel.macosx_10_10_x86_64.whl", hash = "sha256:c250a7ec489b652c892e4f0a5d122cc14c3780f9f643e1a326754aedf82d9a76"},
    {file = "psycopg2_binary-2.9.1-cp36-cp36m-manylinux_2_17_i686.manylinux2014_i686.whl", hash = "sha256:aef9aee84ec78af51107181d02fe8773b100b01c5dfde351184ad9223eab3698"},
    {file = "psycopg2_binary-2.9.1-cp36-cp36m-manylinux_2_17_x86_64.manylinux2014_x86_64.whl", hash = "sha256:123c3fb684e9abfc47218d3784c7b4c47c8587951ea4dd5bc38b6636ac57f616"},
    {file = "psycopg2_binary-2.9.1-cp36-cp36m-manylinux_2_24_aarch64.whl", hash = "sha256:995fc41ebda5a7a663a254a1dcac52638c3e847f48307b5416ee373da15075d7"},
    {file = "psycopg2_binary-2.9.1-cp36-cp36m-manylinux_2_24_ppc64le.whl", hash = "sha256:fbb42a541b1093385a2d8c7eec94d26d30437d0e77c1d25dae1dcc46741a385e"},
    {file = "psycopg2_binary-2.9.1-cp36-cp36m-win32.whl", hash = "sha256:20f1ab44d8c352074e2d7ca67dc00843067788791be373e67a0911998787ce7d"},
    {file = "psycopg2_binary-2.9.1-cp36-cp36m-win_amd64.whl", hash = "sha256:f6fac64a38f6768e7bc7b035b9e10d8a538a9fadce06b983fb3e6fa55ac5f5ce"},
    {file = "psycopg2_binary-2.9.1-cp37-cp37m-macosx_10_14_x86_64.macosx_10_9_intel.macosx_10_9_x86_64.macosx_10_10_intel.macosx_10_10_x86_64.whl", hash = "sha256:1e3a362790edc0a365385b1ac4cc0acc429a0c0d662d829a50b6ce743ae61b5a"},
    {file = "psycopg2_binary-2.9.1-cp37-cp37m-manylinux_2_17_i686.manylinux2014_i686.whl", hash = "sha256:f8559617b1fcf59a9aedba2c9838b5b6aa211ffedecabca412b92a1ff75aac1a"},
    {file = "psycopg2_binary-2.9.1-cp37-cp37m-manylinux_2_17_x86_64.manylinux2014_x86_64.whl", hash = "sha256:a36c7eb6152ba5467fb264d73844877be8b0847874d4822b7cf2d3c0cb8cdcb0"},
    {file = "psycopg2_binary-2.9.1-cp37-cp37m-manylinux_2_24_aarch64.whl", hash = "sha256:2f62c207d1740b0bde5c4e949f857b044818f734a3d57f1d0d0edc65050532ed"},
    {file = "psycopg2_binary-2.9.1-cp37-cp37m-manylinux_2_24_ppc64le.whl", hash = "sha256:cfc523edecddaef56f6740d7de1ce24a2fdf94fd5e704091856a201872e37f9f"},
    {file = "psycopg2_binary-2.9.1-cp37-cp37m-win32.whl", hash = "sha256:1e85b74cbbb3056e3656f1cc4781294df03383127a8114cbc6531e8b8367bf1e"},
    {file = "psycopg2_binary-2.9.1-cp37-cp37m-win_amd64.whl", hash = "sha256:1473c0215b0613dd938db54a653f68251a45a78b05f6fc21af4326f40e8360a2"},
    {file = "psycopg2_binary-2.9.1-cp38-cp38-macosx_10_14_x86_64.macosx_10_9_intel.macosx_10_9_x86_64.macosx_10_10_intel.macosx_10_10_x86_64.whl", hash = "sha256:35c4310f8febe41f442d3c65066ca93cccefd75013df3d8c736c5b93ec288140"},
    {file = "psycopg2_binary-2.9.1-cp38-cp38-manylinux_2_17_i686.manylinux2014_i686.whl", hash = "sha256:8c13d72ed6af7fd2c8acbd95661cf9477f94e381fce0792c04981a8283b52917"},
    {file = "psycopg2_binary-2.9.1-cp38-cp38-manylinux_2_17_x86_64.manylinux2014_x86_64.whl", hash = "sha256:14db1752acdd2187d99cb2ca0a1a6dfe57fc65c3281e0f20e597aac8d2a5bd90"},
    {file = "psycopg2_binary-2.9.1-cp38-cp38-manylinux_2_24_aarch64.whl", hash = "sha256:aed4a9a7e3221b3e252c39d0bf794c438dc5453bc2963e8befe9d4cd324dff72"},
    {file = "psycopg2_binary-2.9.1-cp38-cp38-manylinux_2_24_ppc64le.whl", hash = "sha256:da113b70f6ec40e7d81b43d1b139b9db6a05727ab8be1ee559f3a69854a69d34"},
    {file = "psycopg2_binary-2.9.1-cp38-cp38-win32.whl", hash = "sha256:4235f9d5ddcab0b8dbd723dca56ea2922b485ea00e1dafacf33b0c7e840b3d32"},
    {file = "psycopg2_binary-2.9.1-cp38-cp38-win_amd64.whl", hash = "sha256:988b47ac70d204aed01589ed342303da7c4d84b56c2f4c4b8b00deda123372bf"},
    {file = "psycopg2_binary-2.9.1-cp39-cp39-macosx_10_14_x86_64.macosx_10_9_intel.macosx_10_9_x86_64.macosx_10_10_intel.macosx_10_10_x86_64.whl", hash = "sha256:7360647ea04db2e7dff1648d1da825c8cf68dc5fbd80b8fb5b3ee9f068dcd21a"},
    {file = "psycopg2_binary-2.9.1-cp39-cp39-manylinux_2_17_i686.manylinux2014_i686.whl", hash = "sha256:ca86db5b561b894f9e5f115d6a159fff2a2570a652e07889d8a383b5fae66eb4"},
    {file = "psycopg2_binary-2.9.1-cp39-cp39-manylinux_2_17_x86_64.manylinux2014_x86_64.whl", hash = "sha256:5ced67f1e34e1a450cdb48eb53ca73b60aa0af21c46b9b35ac3e581cf9f00e31"},
    {file = "psycopg2_binary-2.9.1-cp39-cp39-manylinux_2_24_aarch64.whl", hash = "sha256:0f2e04bd2a2ab54fa44ee67fe2d002bb90cee1c0f1cc0ebc3148af7b02034cbd"},
    {file = "psycopg2_binary-2.9.1-cp39-cp39-manylinux_2_24_ppc64le.whl", hash = "sha256:3242b9619de955ab44581a03a64bdd7d5e470cc4183e8fcadd85ab9d3756ce7a"},
    {file = "psycopg2_binary-2.9.1-cp39-cp39-win32.whl", hash = "sha256:0b7dae87f0b729922e06f85f667de7bf16455d411971b2043bbd9577af9d1975"},
    {file = "psycopg2_binary-2.9.1-cp39-cp39-win_amd64.whl", hash = "sha256:b4d7679a08fea64573c969f6994a2631908bb2c0e69a7235648642f3d2e39a68"},
]
py-moneyed = [
    {file = "py-moneyed-1.2.tar.gz", hash = "sha256:d745a52819604f42b3666f9b2504b71c27c1645d6d5027d95ec5ed1f28ca86e3"},
    {file = "py_moneyed-1.2-py2.py3-none-any.whl", hash = "sha256:c6131c7b7c1f8503552afe44d15c343ea50282d1d9e6fa8b3f1bd2affc1dae1e"},
]
pycodestyle = [
    {file = "pycodestyle-2.7.0-py2.py3-none-any.whl", hash = "sha256:514f76d918fcc0b55c6680472f0a37970994e07bbb80725808c17089be302068"},
    {file = "pycodestyle-2.7.0.tar.gz", hash = "sha256:c389c1d06bf7904078ca03399a4816f974a1d590090fecea0c63ec26ebaf1cef"},
]
pytz = [
    {file = "pytz-2021.1-py2.py3-none-any.whl", hash = "sha256:eb10ce3e7736052ed3623d49975ce333bcd712c7bb19a58b9e2089d4057d0798"},
    {file = "pytz-2021.1.tar.gz", hash = "sha256:83a4a90894bf38e243cf052c8b58f381bfe9a7a483f6a9cab140bc7f702ac4da"},
]
pyyaml = [
    {file = "PyYAML-5.4.1-cp27-cp27m-macosx_10_9_x86_64.whl", hash = "sha256:3b2b1824fe7112845700f815ff6a489360226a5609b96ec2190a45e62a9fc922"},
    {file = "PyYAML-5.4.1-cp27-cp27m-win32.whl", hash = "sha256:129def1b7c1bf22faffd67b8f3724645203b79d8f4cc81f674654d9902cb4393"},
    {file = "PyYAML-5.4.1-cp27-cp27m-win_amd64.whl", hash = "sha256:4465124ef1b18d9ace298060f4eccc64b0850899ac4ac53294547536533800c8"},
    {file = "PyYAML-5.4.1-cp27-cp27mu-manylinux1_x86_64.whl", hash = "sha256:bb4191dfc9306777bc594117aee052446b3fa88737cd13b7188d0e7aa8162185"},
    {file = "PyYAML-5.4.1-cp36-cp36m-macosx_10_9_x86_64.whl", hash = "sha256:6c78645d400265a062508ae399b60b8c167bf003db364ecb26dcab2bda048253"},
    {file = "PyYAML-5.4.1-cp36-cp36m-manylinux1_x86_64.whl", hash = "sha256:4e0583d24c881e14342eaf4ec5fbc97f934b999a6828693a99157fde912540cc"},
    {file = "PyYAML-5.4.1-cp36-cp36m-manylinux2014_aarch64.whl", hash = "sha256:72a01f726a9c7851ca9bfad6fd09ca4e090a023c00945ea05ba1638c09dc3347"},
    {file = "PyYAML-5.4.1-cp36-cp36m-manylinux2014_s390x.whl", hash = "sha256:895f61ef02e8fed38159bb70f7e100e00f471eae2bc838cd0f4ebb21e28f8541"},
    {file = "PyYAML-5.4.1-cp36-cp36m-win32.whl", hash = "sha256:3bd0e463264cf257d1ffd2e40223b197271046d09dadf73a0fe82b9c1fc385a5"},
    {file = "PyYAML-5.4.1-cp36-cp36m-win_amd64.whl", hash = "sha256:e4fac90784481d221a8e4b1162afa7c47ed953be40d31ab4629ae917510051df"},
    {file = "PyYAML-5.4.1-cp37-cp37m-macosx_10_9_x86_64.whl", hash = "sha256:5accb17103e43963b80e6f837831f38d314a0495500067cb25afab2e8d7a4018"},
    {file = "PyYAML-5.4.1-cp37-cp37m-manylinux1_x86_64.whl", hash = "sha256:e1d4970ea66be07ae37a3c2e48b5ec63f7ba6804bdddfdbd3cfd954d25a82e63"},
    {file = "PyYAML-5.4.1-cp37-cp37m-manylinux2014_aarch64.whl", hash = "sha256:cb333c16912324fd5f769fff6bc5de372e9e7a202247b48870bc251ed40239aa"},
    {file = "PyYAML-5.4.1-cp37-cp37m-manylinux2014_s390x.whl", hash = "sha256:fe69978f3f768926cfa37b867e3843918e012cf83f680806599ddce33c2c68b0"},
    {file = "PyYAML-5.4.1-cp37-cp37m-win32.whl", hash = "sha256:dd5de0646207f053eb0d6c74ae45ba98c3395a571a2891858e87df7c9b9bd51b"},
    {file = "PyYAML-5.4.1-cp37-cp37m-win_amd64.whl", hash = "sha256:08682f6b72c722394747bddaf0aa62277e02557c0fd1c42cb853016a38f8dedf"},
    {file = "PyYAML-5.4.1-cp38-cp38-macosx_10_9_x86_64.whl", hash = "sha256:d2d9808ea7b4af864f35ea216be506ecec180628aced0704e34aca0b040ffe46"},
    {file = "PyYAML-5.4.1-cp38-cp38-manylinux1_x86_64.whl", hash = "sha256:8c1be557ee92a20f184922c7b6424e8ab6691788e6d86137c5d93c1a6ec1b8fb"},
    {file = "PyYAML-5.4.1-cp38-cp38-manylinux2014_aarch64.whl", hash = "sha256:fd7f6999a8070df521b6384004ef42833b9bd62cfee11a09bda1079b4b704247"},
    {file = "PyYAML-5.4.1-cp38-cp38-manylinux2014_s390x.whl", hash = "sha256:bfb51918d4ff3d77c1c856a9699f8492c612cde32fd3bcd344af9be34999bfdc"},
    {file = "PyYAML-5.4.1-cp38-cp38-win32.whl", hash = "sha256:fa5ae20527d8e831e8230cbffd9f8fe952815b2b7dae6ffec25318803a7528fc"},
    {file = "PyYAML-5.4.1-cp38-cp38-win_amd64.whl", hash = "sha256:0f5f5786c0e09baddcd8b4b45f20a7b5d61a7e7e99846e3c799b05c7c53fa696"},
    {file = "PyYAML-5.4.1-cp39-cp39-macosx_10_9_x86_64.whl", hash = "sha256:294db365efa064d00b8d1ef65d8ea2c3426ac366c0c4368d930bf1c5fb497f77"},
    {file = "PyYAML-5.4.1-cp39-cp39-manylinux1_x86_64.whl", hash = "sha256:74c1485f7707cf707a7aef42ef6322b8f97921bd89be2ab6317fd782c2d53183"},
    {file = "PyYAML-5.4.1-cp39-cp39-manylinux2014_aarch64.whl", hash = "sha256:d483ad4e639292c90170eb6f7783ad19490e7a8defb3e46f97dfe4bacae89122"},
    {file = "PyYAML-5.4.1-cp39-cp39-manylinux2014_s390x.whl", hash = "sha256:fdc842473cd33f45ff6bce46aea678a54e3d21f1b61a7750ce3c498eedfe25d6"},
    {file = "PyYAML-5.4.1-cp39-cp39-win32.whl", hash = "sha256:49d4cdd9065b9b6e206d0595fee27a96b5dd22618e7520c33204a4a3239d5b10"},
    {file = "PyYAML-5.4.1-cp39-cp39-win_amd64.whl", hash = "sha256:c20cfa2d49991c8b4147af39859b167664f2ad4561704ee74c1de03318e898db"},
    {file = "PyYAML-5.4.1.tar.gz", hash = "sha256:607774cbba28732bfa802b54baa7484215f530991055bb562efbed5b2f20a45e"},
]
regex = [
    {file = "regex-2021.7.6-cp36-cp36m-macosx_10_9_x86_64.whl", hash = "sha256:e6a1e5ca97d411a461041d057348e578dc344ecd2add3555aedba3b408c9f874"},
    {file = "regex-2021.7.6-cp36-cp36m-manylinux1_i686.whl", hash = "sha256:6afe6a627888c9a6cfbb603d1d017ce204cebd589d66e0703309b8048c3b0854"},
    {file = "regex-2021.7.6-cp36-cp36m-manylinux1_x86_64.whl", hash = "sha256:ccb3d2190476d00414aab36cca453e4596e8f70a206e2aa8db3d495a109153d2"},
    {file = "regex-2021.7.6-cp36-cp36m-manylinux2010_i686.whl", hash = "sha256:ed693137a9187052fc46eedfafdcb74e09917166362af4cc4fddc3b31560e93d"},
    {file = "regex-2021.7.6-cp36-cp36m-manylinux2010_x86_64.whl", hash = "sha256:99d8ab206a5270c1002bfcf25c51bf329ca951e5a169f3b43214fdda1f0b5f0d"},
    {file = "regex-2021.7.6-cp36-cp36m-manylinux2014_i686.whl", hash = "sha256:b85ac458354165405c8a84725de7bbd07b00d9f72c31a60ffbf96bb38d3e25fa"},
    {file = "regex-2021.7.6-cp36-cp36m-manylinux2014_x86_64.whl", hash = "sha256:3f5716923d3d0bfb27048242a6e0f14eecdb2e2a7fac47eda1d055288595f222"},
    {file = "regex-2021.7.6-cp36-cp36m-manylinux_2_17_aarch64.manylinux2014_aarch64.whl", hash = "sha256:e5983c19d0beb6af88cb4d47afb92d96751fb3fa1784d8785b1cdf14c6519407"},
    {file = "regex-2021.7.6-cp36-cp36m-win32.whl", hash = "sha256:c92831dac113a6e0ab28bc98f33781383fe294df1a2c3dfd1e850114da35fd5b"},
    {file = "regex-2021.7.6-cp36-cp36m-win_amd64.whl", hash = "sha256:791aa1b300e5b6e5d597c37c346fb4d66422178566bbb426dd87eaae475053fb"},
    {file = "regex-2021.7.6-cp37-cp37m-macosx_10_9_x86_64.whl", hash = "sha256:59506c6e8bd9306cd8a41511e32d16d5d1194110b8cfe5a11d102d8b63cf945d"},
    {file = "regex-2021.7.6-cp37-cp37m-manylinux1_i686.whl", hash = "sha256:564a4c8a29435d1f2256ba247a0315325ea63335508ad8ed938a4f14c4116a5d"},
    {file = "regex-2021.7.6-cp37-cp37m-manylinux1_x86_64.whl", hash = "sha256:59c00bb8dd8775473cbfb967925ad2c3ecc8886b3b2d0c90a8e2707e06c743f0"},
    {file = "regex-2021.7.6-cp37-cp37m-manylinux2010_i686.whl", hash = "sha256:9a854b916806c7e3b40e6616ac9e85d3cdb7649d9e6590653deb5b341a736cec"},
    {file = "regex-2021.7.6-cp37-cp37m-manylinux2010_x86_64.whl", hash = "sha256:db2b7df831c3187a37f3bb80ec095f249fa276dbe09abd3d35297fc250385694"},
    {file = "regex-2021.7.6-cp37-cp37m-manylinux2014_i686.whl", hash = "sha256:173bc44ff95bc1e96398c38f3629d86fa72e539c79900283afa895694229fe6a"},
    {file = "regex-2021.7.6-cp37-cp37m-manylinux2014_x86_64.whl", hash = "sha256:15dddb19823f5147e7517bb12635b3c82e6f2a3a6b696cc3e321522e8b9308ad"},
    {file = "regex-2021.7.6-cp37-cp37m-manylinux_2_17_aarch64.manylinux2014_aarch64.whl", hash = "sha256:2ddeabc7652024803666ea09f32dd1ed40a0579b6fbb2a213eba590683025895"},
    {file = "regex-2021.7.6-cp37-cp37m-win32.whl", hash = "sha256:f080248b3e029d052bf74a897b9d74cfb7643537fbde97fe8225a6467fb559b5"},
    {file = "regex-2021.7.6-cp37-cp37m-win_amd64.whl", hash = "sha256:d8bbce0c96462dbceaa7ac4a7dfbbee92745b801b24bce10a98d2f2b1ea9432f"},
    {file = "regex-2021.7.6-cp38-cp38-macosx_10_9_x86_64.whl", hash = "sha256:edd1a68f79b89b0c57339bce297ad5d5ffcc6ae7e1afdb10f1947706ed066c9c"},
    {file = "regex-2021.7.6-cp38-cp38-manylinux1_i686.whl", hash = "sha256:422dec1e7cbb2efbbe50e3f1de36b82906def93ed48da12d1714cabcd993d7f0"},
    {file = "regex-2021.7.6-cp38-cp38-manylinux1_x86_64.whl", hash = "sha256:cbe23b323988a04c3e5b0c387fe3f8f363bf06c0680daf775875d979e376bd26"},
    {file = "regex-2021.7.6-cp38-cp38-manylinux2010_i686.whl", hash = "sha256:0eb2c6e0fcec5e0f1d3bcc1133556563222a2ffd2211945d7b1480c1b1a42a6f"},
    {file = "regex-2021.7.6-cp38-cp38-manylinux2010_x86_64.whl", hash = "sha256:1c78780bf46d620ff4fff40728f98b8afd8b8e35c3efd638c7df67be2d5cddbf"},
    {file = "regex-2021.7.6-cp38-cp38-manylinux2014_i686.whl", hash = "sha256:bc84fb254a875a9f66616ed4538542fb7965db6356f3df571d783f7c8d256edd"},
    {file = "regex-2021.7.6-cp38-cp38-manylinux2014_x86_64.whl", hash = "sha256:598c0a79b4b851b922f504f9f39a863d83ebdfff787261a5ed061c21e67dd761"},
    {file = "regex-2021.7.6-cp38-cp38-manylinux_2_17_aarch64.manylinux2014_aarch64.whl", hash = "sha256:875c355360d0f8d3d827e462b29ea7682bf52327d500a4f837e934e9e4656068"},
    {file = "regex-2021.7.6-cp38-cp38-win32.whl", hash = "sha256:e586f448df2bbc37dfadccdb7ccd125c62b4348cb90c10840d695592aa1b29e0"},
    {file = "regex-2021.7.6-cp38-cp38-win_amd64.whl", hash = "sha256:2fe5e71e11a54e3355fa272137d521a40aace5d937d08b494bed4529964c19c4"},
    {file = "regex-2021.7.6-cp39-cp39-macosx_10_9_x86_64.whl", hash = "sha256:6110bab7eab6566492618540c70edd4d2a18f40ca1d51d704f1d81c52d245026"},
    {file = "regex-2021.7.6-cp39-cp39-manylinux1_i686.whl", hash = "sha256:4f64fc59fd5b10557f6cd0937e1597af022ad9b27d454e182485f1db3008f417"},
    {file = "regex-2021.7.6-cp39-cp39-manylinux1_x86_64.whl", hash = "sha256:89e5528803566af4df368df2d6f503c84fbfb8249e6631c7b025fe23e6bd0cde"},
    {file = "regex-2021.7.6-cp39-cp39-manylinux2010_i686.whl", hash = "sha256:2366fe0479ca0e9afa534174faa2beae87847d208d457d200183f28c74eaea59"},
    {file = "regex-2021.7.6-cp39-cp39-manylinux2010_x86_64.whl", hash = "sha256:f9392a4555f3e4cb45310a65b403d86b589adc773898c25a39184b1ba4db8985"},
    {file = "regex-2021.7.6-cp39-cp39-manylinux2014_i686.whl", hash = "sha256:2bceeb491b38225b1fee4517107b8491ba54fba77cf22a12e996d96a3c55613d"},
    {file = "regex-2021.7.6-cp39-cp39-manylinux2014_x86_64.whl", hash = "sha256:f98dc35ab9a749276f1a4a38ab3e0e2ba1662ce710f6530f5b0a6656f1c32b58"},
    {file = "regex-2021.7.6-cp39-cp39-manylinux_2_17_aarch64.manylinux2014_aarch64.whl", hash = "sha256:319eb2a8d0888fa6f1d9177705f341bc9455a2c8aca130016e52c7fe8d6c37a3"},
    {file = "regex-2021.7.6-cp39-cp39-win32.whl", hash = "sha256:eaf58b9e30e0e546cdc3ac06cf9165a1ca5b3de8221e9df679416ca667972035"},
    {file = "regex-2021.7.6-cp39-cp39-win_amd64.whl", hash = "sha256:4c9c3155fe74269f61e27617529b7f09552fbb12e44b1189cebbdb24294e6e1c"},
    {file = "regex-2021.7.6.tar.gz", hash = "sha256:8394e266005f2d8c6f0bc6780001f7afa3ef81a7a2111fa35058ded6fce79e4d"},
]
sqlparse = [
    {file = "sqlparse-0.4.1-py3-none-any.whl", hash = "sha256:017cde379adbd6a1f15a61873f43e8274179378e95ef3fede90b5aa64d304ed0"},
    {file = "sqlparse-0.4.1.tar.gz", hash = "sha256:0f91fd2e829c44362cbcfab3e9ae12e22badaa8a29ad5ff599f9ec109f0454e8"},
]
toml = [
    {file = "toml-0.10.2-py2.py3-none-any.whl", hash = "sha256:806143ae5bfb6a3c6e736a764057db0e6a0e05e338b5630894a5f779cabb4f9b"},
    {file = "toml-0.10.2.tar.gz", hash = "sha256:b3bda1d108d5dd99f4a20d24d9c348e91c4db7ab1b749200bded2f839ccbe68f"},
]
typed-ast = [
    {file = "typed_ast-1.4.3-cp35-cp35m-manylinux1_i686.whl", hash = "sha256:2068531575a125b87a41802130fa7e29f26c09a2833fea68d9a40cf33902eba6"},
    {file = "typed_ast-1.4.3-cp35-cp35m-manylinux1_x86_64.whl", hash = "sha256:c907f561b1e83e93fad565bac5ba9c22d96a54e7ea0267c708bffe863cbe4075"},
    {file = "typed_ast-1.4.3-cp35-cp35m-manylinux2014_aarch64.whl", hash = "sha256:1b3ead4a96c9101bef08f9f7d1217c096f31667617b58de957f690c92378b528"},
    {file = "typed_ast-1.4.3-cp35-cp35m-win32.whl", hash = "sha256:dde816ca9dac1d9c01dd504ea5967821606f02e510438120091b84e852367428"},
    {file = "typed_ast-1.4.3-cp35-cp35m-win_amd64.whl", hash = "sha256:777a26c84bea6cd934422ac2e3b78863a37017618b6e5c08f92ef69853e765d3"},
    {file = "typed_ast-1.4.3-cp36-cp36m-macosx_10_9_x86_64.whl", hash = "sha256:f8afcf15cc511ada719a88e013cec87c11aff7b91f019295eb4530f96fe5ef2f"},
    {file = "typed_ast-1.4.3-cp36-cp36m-manylinux1_i686.whl", hash = "sha256:52b1eb8c83f178ab787f3a4283f68258525f8d70f778a2f6dd54d3b5e5fb4341"},
    {file = "typed_ast-1.4.3-cp36-cp36m-manylinux1_x86_64.whl", hash = "sha256:01ae5f73431d21eead5015997ab41afa53aa1fbe252f9da060be5dad2c730ace"},
    {file = "typed_ast-1.4.3-cp36-cp36m-manylinux2014_aarch64.whl", hash = "sha256:c190f0899e9f9f8b6b7863debfb739abcb21a5c054f911ca3596d12b8a4c4c7f"},
    {file = "typed_ast-1.4.3-cp36-cp36m-win32.whl", hash = "sha256:398e44cd480f4d2b7ee8d98385ca104e35c81525dd98c519acff1b79bdaac363"},
    {file = "typed_ast-1.4.3-cp36-cp36m-win_amd64.whl", hash = "sha256:bff6ad71c81b3bba8fa35f0f1921fb24ff4476235a6e94a26ada2e54370e6da7"},
    {file = "typed_ast-1.4.3-cp37-cp37m-macosx_10_9_x86_64.whl", hash = "sha256:0fb71b8c643187d7492c1f8352f2c15b4c4af3f6338f21681d3681b3dc31a266"},
    {file = "typed_ast-1.4.3-cp37-cp37m-manylinux1_i686.whl", hash = "sha256:760ad187b1041a154f0e4d0f6aae3e40fdb51d6de16e5c99aedadd9246450e9e"},
    {file = "typed_ast-1.4.3-cp37-cp37m-manylinux1_x86_64.whl", hash = "sha256:5feca99c17af94057417d744607b82dd0a664fd5e4ca98061480fd8b14b18d04"},
    {file = "typed_ast-1.4.3-cp37-cp37m-manylinux2014_aarch64.whl", hash = "sha256:95431a26309a21874005845c21118c83991c63ea800dd44843e42a916aec5899"},
    {file = "typed_ast-1.4.3-cp37-cp37m-win32.whl", hash = "sha256:aee0c1256be6c07bd3e1263ff920c325b59849dc95392a05f258bb9b259cf39c"},
    {file = "typed_ast-1.4.3-cp37-cp37m-win_amd64.whl", hash = "sha256:9ad2c92ec681e02baf81fdfa056fe0d818645efa9af1f1cd5fd6f1bd2bdfd805"},
    {file = "typed_ast-1.4.3-cp38-cp38-macosx_10_9_x86_64.whl", hash = "sha256:b36b4f3920103a25e1d5d024d155c504080959582b928e91cb608a65c3a49e1a"},
    {file = "typed_ast-1.4.3-cp38-cp38-manylinux1_i686.whl", hash = "sha256:067a74454df670dcaa4e59349a2e5c81e567d8d65458d480a5b3dfecec08c5ff"},
    {file = "typed_ast-1.4.3-cp38-cp38-manylinux1_x86_64.whl", hash = "sha256:7538e495704e2ccda9b234b82423a4038f324f3a10c43bc088a1636180f11a41"},
    {file = "typed_ast-1.4.3-cp38-cp38-manylinux2014_aarch64.whl", hash = "sha256:af3d4a73793725138d6b334d9d247ce7e5f084d96284ed23f22ee626a7b88e39"},
    {file = "typed_ast-1.4.3-cp38-cp38-win32.whl", hash = "sha256:f2362f3cb0f3172c42938946dbc5b7843c2a28aec307c49100c8b38764eb6927"},
    {file = "typed_ast-1.4.3-cp38-cp38-win_amd64.whl", hash = "sha256:dd4a21253f42b8d2b48410cb31fe501d32f8b9fbeb1f55063ad102fe9c425e40"},
    {file = "typed_ast-1.4.3-cp39-cp39-macosx_10_9_x86_64.whl", hash = "sha256:f328adcfebed9f11301eaedfa48e15bdece9b519fb27e6a8c01aa52a17ec31b3"},
    {file = "typed_ast-1.4.3-cp39-cp39-manylinux1_i686.whl", hash = "sha256:2c726c276d09fc5c414693a2de063f521052d9ea7c240ce553316f70656c84d4"},
    {file = "typed_ast-1.4.3-cp39-cp39-manylinux1_x86_64.whl", hash = "sha256:cae53c389825d3b46fb37538441f75d6aecc4174f615d048321b716df2757fb0"},
    {file = "typed_ast-1.4.3-cp39-cp39-manylinux2014_aarch64.whl", hash = "sha256:b9574c6f03f685070d859e75c7f9eeca02d6933273b5e69572e5ff9d5e3931c3"},
    {file = "typed_ast-1.4.3-cp39-cp39-win32.whl", hash = "sha256:209596a4ec71d990d71d5e0d312ac935d86930e6eecff6ccc7007fe54d703808"},
    {file = "typed_ast-1.4.3-cp39-cp39-win_amd64.whl", hash = "sha256:9c6d1a54552b5330bc657b7ef0eae25d00ba7ffe85d9ea8ae6540d2197a3788c"},
    {file = "typed_ast-1.4.3.tar.gz", hash = "sha256:fb1bbeac803adea29cedd70781399c99138358c26d05fcbd23c13016b7f5ec65"},
]
typing-extensions = [
    {file = "typing_extensions-3.10.0.0-py2-none-any.whl", hash = "sha256:0ac0f89795dd19de6b97debb0c6af1c70987fd80a2d62d1958f7e56fcc31b497"},
    {file = "typing_extensions-3.10.0.0-py3-none-any.whl", hash = "sha256:779383f6086d90c99ae41cf0ff39aac8a7937a9283ce0a414e5dd782f4c94a84"},
    {file = "typing_extensions-3.10.0.0.tar.gz", hash = "sha256:50b6f157849174217d0656f99dc82fe932884fb250826c18350e159ec6cdf342"},
]
whitenoise = [
    {file = "whitenoise-5.3.0-py2.py3-none-any.whl", hash = "sha256:d963ef25639d1417e8a247be36e6aedd8c7c6f0a08adcb5a89146980a96b577c"},
    {file = "whitenoise-5.3.0.tar.gz", hash = "sha256:d234b871b52271ae7ed6d9da47ffe857c76568f11dd30e28e18c5869dbd11e12"},
]
